
Microsoft Visual Studio Solution File, Format Version 12.00
# Visual Studio Version 17
VisualStudioVersion = 17.6.33712.159
MinimumVisualStudioVersion = 10.0.40219.1
Project("{FAE04EC0-301F-11D3-BF4B-00C04F79EFBC}") = "ConsoleApp5", "ConsoleApp5\ConsoleApp5.csproj", "{23826F86-6970-4E7F-A460-D18A1B819786}"
EndProject
Global
	GlobalSection(SolutionConfigurationPlatforms) = preSolution
		Debug|Any CPU = Debug|Any CPU
		Release|Any CPU = Release|Any CPU
	EndGlobalSection
	GlobalSection(ProjectConfigurationPlatforms) = postSolution
		{23826F86-6970-4E7F-A460-D18A1B819786}.Debug|Any CPU.ActiveCfg = Debug|Any CPU
		{23826F86-6970-4E7F-A460-D18A1B819786}.Debug|Any CPU.Build.0 = Debug|Any CPU
		{23826F86-6970-4E7F-A460-D18A1B819786}.Release|Any CPU.ActiveCfg = Release|Any CPU
		{23826F86-6970-4E7F-A460-D18A1B819786}.Release|Any CPU.Build.0 = Release|Any CPU
	EndGlobalSection
	GlobalSection(SolutionProperties) = preSolution
		HideSolutionNode = FALSE
	EndGlobalSection
	GlobalSection(ExtensibilityGlobals) = postSolution
		SolutionGuid = {6A17862A-BF98-4556-8602-D6A7A2CC4D60}
	EndGlobalSection
EndGlobal
